// !$*UTF8*$!
{
	archiveVersion = 1;
	classes = {
	};
	objectVersion = 46;
	objects = {

/* Begin PBXBuildFile section */
		8F1E533E1C042C6400C81F0B /* main.m in Sources */ = {isa = PBXBuildFile; fileRef = 8F1E533D1C042C6400C81F0B /* main.m */; };
		8F1E53411C042C6400C81F0B /* AppDelegate.m in Sources */ = {isa = PBXBuildFile; fileRef = 8F1E53401C042C6400C81F0B /* AppDelegate.m */; };
		8F1E53441C042C6400C81F0B /* ViewController.m in Sources */ = {isa = PBXBuildFile; fileRef = 8F1E53431C042C6400C81F0B /* ViewController.m */; };
		8F1E53471C042C6400C81F0B /* Main.storyboard in Resources */ = {isa = PBXBuildFile; fileRef = 8F1E53451C042C6400C81F0B /* Main.storyboard */; };
		8F1E53491C042C6400C81F0B /* Assets.xcassets in Resources */ = {isa = PBXBuildFile; fileRef = 8F1E53481C042C6400C81F0B /* Assets.xcassets */; };
		8F1E534C1C042C6400C81F0B /* LaunchScreen.storyboard in Resources */ = {isa = PBXBuildFile; fileRef = 8F1E534A1C042C6400C81F0B /* LaunchScreen.storyboard */; };
		8F1E53571C042C6400C81F0B /* HWNetworkRequestTests.m in Sources */ = {isa = PBXBuildFile; fileRef = 8F1E53561C042C6400C81F0B /* HWNetworkRequestTests.m */; };
		8F1E53621C042C6400C81F0B /* HWNetworkRequestUITests.m in Sources */ = {isa = PBXBuildFile; fileRef = 8F1E53611C042C6400C81F0B /* HWNetworkRequestUITests.m */; };
/* End PBXBuildFile section */

/* Begin PBXContainerItemProxy section */
		8F1E53531C042C6400C81F0B /* PBXContainerItemProxy */ = {
			isa = PBXContainerItemProxy;
			containerPortal = 8F1E53311C042C6400C81F0B /* Project object */;
			proxyType = 1;
			remoteGlobalIDString = 8F1E53381C042C6400C81F0B;
			remoteInfo = HWNetworkRequest;
		};
		8F1E535E1C042C6400C81F0B /* PBXContainerItemProxy */ = {
			isa = PBXContainerItemProxy;
			containerPortal = 8F1E53311C042C6400C81F0B /* Project object */;
			proxyType = 1;
			remoteGlobalIDString = 8F1E53381C042C6400C81F0B;
			remoteInfo = HWNetworkRequest;
		};
/* End PBXContainerItemProxy section */

/* Begin PBXFileReference section */
		8F1E53391C042C6400C81F0B /* HWNetworkRequest.app */ = {isa = PBXFileReference; explicitFileType = wrapper.application; includeInIndex = 0; path = HWNetworkRequest.app; sourceTree = BUILT_PRODUCTS_DIR; };
		8F1E533D1C042C6400C81F0B /* main.m */ = {isa = PBXFileReference; lastKnownFileType = sourcecode.c.objc; path = main.m; sourceTree = "<group>"; };
		8F1E533F1C042C6400C81F0B /* AppDelegate.h */ = {isa = PBXFileReference; lastKnownFileType = sourcecode.c.h; path = AppDelegate.h; sourceTree = "<group>"; };
		8F1E53401C042C6400C81F0B /* AppDelegate.m */ = {isa = PBXFileReference; lastKnownFileType = sourcecode.c.objc; path = AppDelegate.m; sourceTree = "<group>"; };
		8F1E53421C042C6400C81F0B /* ViewController.h */ = {isa = PBXFileReference; lastKnownFileType = sourcecode.c.h; path = ViewController.h; sourceTree = "<group>"; };
		8F1E53431C042C6400C81F0B /* ViewController.m */ = {isa = PBXFileReference; lastKnownFileType = sourcecode.c.objc; path = ViewController.m; sourceTree = "<group>"; };
		8F1E53461C042C6400C81F0B /* Base */ = {isa = PBXFileReference; lastKnownFileType = file.storyboard; name = Base; path = Base.lproj/Main.storyboard; sourceTree = "<group>"; };
		8F1E53481C042C6400C81F0B /* Assets.xcassets */ = {isa = PBXFileReference; lastKnownFileType = folder.assetcatalog; path = Assets.xcassets; sourceTree = "<group>"; };
		8F1E534B1C042C6400C81F0B /* Base */ = {isa = PBXFileReference; lastKnownFileType = file.storyboard; name = Base; path = Base.lproj/LaunchScreen.storyboard; sourceTree = "<group>"; };
		8F1E534D1C042C6400C81F0B /* Info.plist */ = {isa = PBXFileReference; lastKnownFileType = text.plist.xml; path = Info.plist; sourceTree = "<group>"; };
		8F1E53521C042C6400C81F0B /* HWNetworkRequestTests.xctest */ = {isa = PBXFileReference; explicitFileType = wrapper.cfbundle; includeInIndex = 0; path = HWNetworkRequestTests.xctest; sourceTree = BUILT_PRODUCTS_DIR; };
		8F1E53561C042C6400C81F0B /* HWNetworkRequestTests.m */ = {isa = PBXFileReference; lastKnownFileType = sourcecode.c.objc; path = HWNetworkRequestTests.m; sourceTree = "<group>"; };
		8F1E53581C042C6400C81F0B /* Info.plist */ = {isa = PBXFileReference; lastKnownFileType = text.plist.xml; path = Info.plist; sourceTree = "<group>"; };
		8F1E535D1C042C6400C81F0B /* HWNetworkRequestUITests.xctest */ = {isa = PBXFileReference; explicitFileType = wrapper.cfbundle; includeInIndex = 0; path = HWNetworkRequestUITests.xctest; sourceTree = BUILT_PRODUCTS_DIR; };
		8F1E53611C042C6400C81F0B /* HWNetworkRequestUITests.m */ = {isa = PBXFileReference; lastKnownFileType = sourcecode.c.objc; path = HWNetworkRequestUITests.m; sourceTree = "<group>"; };
		8F1E53631C042C6400C81F0B /* Info.plist */ = {isa = PBXFileReference; lastKnownFileType = text.plist.xml; path = Info.plist; sourceTree = "<group>"; };
/* End PBXFileReference section */

/* Begin PBXFrameworksBuildPhase section */
		8F1E53361C042C6400C81F0B /* Frameworks */ = {
			isa = PBXFrameworksBuildPhase;
			buildActionMask = 2147483647;
			files = (
			);
			runOnlyForDeploymentPostprocessing = 0;
		};
		8F1E534F1C042C6400C81F0B /* Frameworks */ = {
			isa = PBXFrameworksBuildPhase;
			buildActionMask = 2147483647;
			files = (
			);
			runOnlyForDeploymentPostprocessing = 0;
		};
		8F1E535A1C042C6400C81F0B /* Frameworks */ = {
			isa = PBXFrameworksBuildPhase;
			buildActionMask = 2147483647;
			files = (
			);
			runOnlyForDeploymentPostprocessing = 0;
		};
/* End PBXFrameworksBuildPhase section */

/* Begin PBXGroup section */
		8F1E53301C042C6400C81F0B = {
			isa = PBXGroup;
			children = (
				8F1E533B1C042C6400C81F0B /* HWNetworkRequest */,
				8F1E53551C042C6400C81F0B /* HWNetworkRequestTests */,
				8F1E53601C042C6400C81F0B /* HWNetworkRequestUITests */,
				8F1E533A1C042C6400C81F0B /* Products */,
			);
			sourceTree = "<group>";
		};
		8F1E533A1C042C6400C81F0B /* Products */ = {
			isa = PBXGroup;
			children = (
				8F1E53391C042C6400C81F0B /* HWNetworkRequest.app */,
				8F1E53521C042C6400C81F0B /* HWNetworkRequestTests.xctest */,
				8F1E535D1C042C6400C81F0B /* HWNetworkRequestUITests.xctest */,
			);
			name = Products;
			sourceTree = "<group>";
		};
		8F1E533B1C042C6400C81F0B /* HWNetworkRequest */ = {
			isa = PBXGroup;
			children = (
				8F1E533F1C042C6400C81F0B /* AppDelegate.h */,
				8F1E53401C042C6400C81F0B /* AppDelegate.m */,
				8F1E53421C042C6400C81F0B /* ViewController.h */,
				8F1E53431C042C6400C81F0B /* ViewController.m */,
				8F1E53451C042C6400C81F0B /* Main.storyboard */,
				8F1E53481C042C6400C81F0B /* Assets.xcassets */,
				8F1E534A1C042C6400C81F0B /* LaunchScreen.storyboard */,
				8F1E534D1C042C6400C81F0B /* Info.plist */,
				8F1E533C1C042C6400C81F0B /* Supporting Files */,
			);
			path = HWNetworkRequest;
			sourceTree = "<group>";
		};
		8F1E533C1C042C6400C81F0B /* Supporting Files */ = {
			isa = PBXGroup;
			children = (
				8F1E533D1C042C6400C81F0B /* main.m */,
			);
			name = "Supporting Files";
			sourceTree = "<group>";
		};
		8F1E53551C042C6400C81F0B /* HWNetworkRequestTests */ = {
			isa = PBXGroup;
			children = (
				8F1E53561C042C6400C81F0B /* HWNetworkRequestTests.m */,
				8F1E53581C042C6400C81F0B /* Info.plist */,
			);
			path = HWNetworkRequestTests;
			sourceTree = "<group>";
		};
		8F1E53601C042C6400C81F0B /* HWNetworkRequestUITests */ = {
			isa = PBXGroup;
			children = (
				8F1E53611C042C6400C81F0B /* HWNetworkRequestUITests.m */,
				8F1E53631C042C6400C81F0B /* Info.plist */,
			);
			path = HWNetworkRequestUITests;
			sourceTree = "<group>";
		};
/* End PBXGroup section */

/* Begin PBXNativeTarget section */
		8F1E53381C042C6400C81F0B /* HWNetworkRequest */ = {
			isa = PBXNativeTarget;
			buildConfigurationList = 8F1E53661C042C6400C81F0B /* Build configuration list for PBXNativeTarget "HWNetworkRequest" */;
			buildPhases = (
				8F1E53351C042C6400C81F0B /* Sources */,
				8F1E53361C042C6400C81F0B /* Frameworks */,
				8F1E53371C042C6400C81F0B /* Resources */,
			);
			buildRules = (
			);
			dependencies = (
			);
			name = HWNetworkRequest;
			productName = HWNetworkRequest;
			productReference = 8F1E53391C042C6400C81F0B /* HWNetworkRequest.app */;
			productType = "com.apple.product-type.application";
		};
		8F1E53511C042C6400C81F0B /* HWNetworkRequestTests */ = {
			isa = PBXNativeTarget;
			buildConfigurationList = 8F1E53691C042C6400C81F0B /* Build configuration list for PBXNativeTarget "HWNetworkRequestTests" */;
			buildPhases = (
				8F1E534E1C042C6400C81F0B /* Sources */,
				8F1E534F1C042C6400C81F0B /* Frameworks */,
				8F1E53501C042C6400C81F0B /* Resources */,
			);
			buildRules = (
			);
			dependencies = (
				8F1E53541C042C6400C81F0B /* PBXTargetDependency */,
			);
			name = HWNetworkRequestTests;
			productName = HWNetworkRequestTests;
			productReference = 8F1E53521C042C6400C81F0B /* HWNetworkRequestTests.xctest */;
			productType = "com.apple.product-type.bundle.unit-test";
		};
		8F1E535C1C042C6400C81F0B /* HWNetworkRequestUITests */ = {
			isa = PBXNativeTarget;
			buildConfigurationList = 8F1E536C1C042C6400C81F0B /* Build configuration list for PBXNativeTarget "HWNetworkRequestUITests" */;
			buildPhases = (
				8F1E53591C042C6400C81F0B /* Sources */,
				8F1E535A1C042C6400C81F0B /* Frameworks */,
				8F1E535B1C042C6400C81F0B /* Resources */,
			);
			buildRules = (
			);
			dependencies = (
				8F1E535F1C042C6400C81F0B /* PBXTargetDependency */,
			);
			name = HWNetworkRequestUITests;
			productName = HWNetworkRequestUITests;
			productReference = 8F1E535D1C042C6400C81F0B /* HWNetworkRequestUITests.xctest */;
			productType = "com.apple.product-type.bundle.ui-testing";
		};
/* End PBXNativeTarget section */

/* Begin PBXProject section */
		8F1E53311C042C6400C81F0B /* Project object */ = {
			isa = PBXProject;
			attributes = {
				LastUpgradeCheck = 0710;
				ORGANIZATIONNAME = HuangWay;
				TargetAttributes = {
					8F1E53381C042C6400C81F0B = {
						CreatedOnToolsVersion = 7.1;
					};
					8F1E53511C042C6400C81F0B = {
						CreatedOnToolsVersion = 7.1;
						TestTargetID = 8F1E53381C042C6400C81F0B;
					};
					8F1E535C1C042C6400C81F0B = {
						CreatedOnToolsVersion = 7.1;
						TestTargetID = 8F1E53381C042C6400C81F0B;
					};
				};
			};
			buildConfigurationList = 8F1E53341C042C6400C81F0B /* Build configuration list for PBXProject "HWNetworkRequest" */;
			compatibilityVersion = "Xcode 3.2";
			developmentRegion = English;
			hasScannedForEncodings = 0;
			knownRegions = (
				en,
				Base,
			);
			mainGroup = 8F1E53301C042C6400C81F0B;
			productRefGroup = 8F1E533A1C042C6400C81F0B /* Products */;
			projectDirPath = "";
			projectRoot = "";
			targets = (
				8F1E53381C042C6400C81F0B /* HWNetworkRequest */,
				8F1E53511C042C6400C81F0B /* HWNetworkRequestTests */,
				8F1E535C1C042C6400C81F0B /* HWNetworkRequestUITests */,
			);
		};
/* End PBXProject section */

/* Begin PBXResourcesBuildPhase section */
		8F1E53371C042C6400C81F0B /* Resources */ = {
			isa = PBXResourcesBuildPhase;
			buildActionMask = 2147483647;
			files = (
				8F1E534C1C042C6400C81F0B /* LaunchScreen.storyboard in Resources */,
				8F1E53491C042C6400C81F0B /* Assets.xcassets in Resources */,
				8F1E53471C042C6400C81F0B /* Main.storyboard in Resources */,
			);
			runOnlyForDeploymentPostprocessing = 0;
		};
		8F1E53501C042C6400C81F0B /* Resources */ = {
			isa = PBXResourcesBuildPhase;
			buildActionMask = 2147483647;
			files = (
			);
			runOnlyForDeploymentPostprocessing = 0;
		};
		8F1E535B1C042C6400C81F0B /* Resources */ = {
			isa = PBXResourcesBuildPhase;
			buildActionMask = 2147483647;
			files = (
			);
			runOnlyForDeploymentPostprocessing = 0;
		};
/* End PBXResourcesBuildPhase section */

/* Begin PBXSourcesBuildPhase section */
		8F1E53351C042C6400C81F0B /* Sources */ = {
			isa = PBXSourcesBuildPhase;
			buildActionMask = 2147483647;
			files = (
				8F1E53441C042C6400C81F0B /* ViewController.m in Sources */,
				8F1E53411C042C6400C81F0B /* AppDelegate.m in Sources */,
				8F1E533E1C042C6400C81F0B /* main.m in Sources */,
			);
			runOnlyForDeploymentPostprocessing = 0;
		};
		8F1E534E1C042C6400C81F0B /* Sources */ = {
			isa = PBXSourcesBuildPhase;
			buildActionMask = 2147483647;
			files = (
				8F1E53571C042C6400C81F0B /* HWNetworkRequestTests.m in Sources */,
			);
			runOnlyForDeploymentPostprocessing = 0;
		};
		8F1E53591C042C6400C81F0B /* Sources */ = {
			isa = PBXSourcesBuildPhase;
			buildActionMask = 2147483647;
			files = (
				8F1E53621C042C6400C81F0B /* HWNetworkRequestUITests.m in Sources */,
			);
			runOnlyForDeploymentPostprocessing = 0;
		};
/* End PBXSourcesBuildPhase section */

/* Begin PBXTargetDependency section */
		8F1E53541C042C6400C81F0B /* PBXTargetDependency */ = {
			isa = PBXTargetDependency;
			target = 8F1E53381C042C6400C81F0B /* HWNetworkRequest */;
			targetProxy = 8F1E53531C042C6400C81F0B /* PBXContainerItemProxy */;
		};
		8F1E535F1C042C6400C81F0B /* PBXTargetDependency */ = {
			isa = PBXTargetDependency;
			target = 8F1E53381C042C6400C81F0B /* HWNetworkRequest */;
			targetProxy = 8F1E535E1C042C6400C81F0B /* PBXContainerItemProxy */;
		};
/* End PBXTargetDependency section */

/* Begin PBXVariantGroup section */
		8F1E53451C042C6400C81F0B /* Main.storyboard */ = {
			isa = PBXVariantGroup;
			children = (
				8F1E53461C042C6400C81F0B /* Base */,
			);
			name = Main.storyboard;
			sourceTree = "<group>";
		};
		8F1E534A1C042C6400C81F0B /* LaunchScreen.storyboard */ = {
			isa = PBXVariantGroup;
			children = (
				8F1E534B1C042C6400C81F0B /* Base */,
			);
			name = LaunchScreen.storyboard;
			sourceTree = "<group>";
		};
/* End PBXVariantGroup section */

/* Begin XCBuildConfiguration section */
		8F1E53641C042C6400C81F0B /* Debug */ = {
			isa = XCBuildConfiguration;
			buildSettings = {
				ALWAYS_SEARCH_USER_PATHS = NO;
				CLANG_CXX_LANGUAGE_STANDARD = "gnu++0x";
				CLANG_CXX_LIBRARY = "libc++";
				CLANG_ENABLE_MODULES = YES;
				CLANG_ENABLE_OBJC_ARC = YES;
				CLANG_WARN_BOOL_CONVERSION = YES;
				CLANG_WARN_CONSTANT_CONVERSION = YES;
				CLANG_WARN_DIRECT_OBJC_ISA_USAGE = YES_ERROR;
				CLANG_WARN_EMPTY_BODY = YES;
				CLANG_WARN_ENUM_CONVERSION = YES;
				CLANG_WARN_INT_CONVERSION = YES;
				CLANG_WARN_OBJC_ROOT_CLASS = YES_ERROR;
				CLANG_WARN_UNREACHABLE_CODE = YES;
				CLANG_WARN__DUPLICATE_METHOD_MATCH = YES;
				"CODE_SIGN_IDENTITY[sdk=iphoneos*]" = "iPhone Developer";
				COPY_PHASE_STRIP = NO;
				DEBUG_INFORMATION_FORMAT = dwarf;
				ENABLE_STRICT_OBJC_MSGSEND = YES;
				ENABLE_TESTABILITY = YES;
				GCC_C_LANGUAGE_STANDARD = gnu99;
				GCC_DYNAMIC_NO_PIC = NO;
				GCC_NO_COMMON_BLOCKS = YES;
				GCC_OPTIMIZATION_LEVEL = 0;
				GCC_PREPROCESSOR_DEFINITIONS = (
					"DEBUG=1",
					"$(inherited)",
				);
				GCC_WARN_64_TO_32_BIT_CONVERSION = YES;
				GCC_WARN_ABOUT_RETURN_TYPE = YES_ERROR;
				GCC_WARN_UNDECLARED_SELECTOR = YES;
				GCC_WARN_UNINITIALIZED_AUTOS = YES_AGGRESSIVE;
				GCC_WARN_UNUSED_FUNCTION = YES;
				GCC_WARN_UNUSED_VARIABLE = YES;
				IPHONEOS_DEPLOYMENT_TARGET = 9.1;
				MTL_ENABLE_DEBUG_INFO = YES;
				ONLY_ACTIVE_ARCH = YES;
				SDKROOT = iphoneos;
			};
			name = Debug;
		};
		8F1E53651C042C6400C81F0B /* Release */ = {
			isa = XCBuildConfiguration;
			buildSettings = {
				ALWAYS_SEARCH_USER_PATHS = NO;
				CLANG_CXX_LANGUAGE_STANDARD = "gnu++0x";
				CLANG_CXX_LIBRARY = "libc++";
				CLANG_ENABLE_MODULES = YES;
				CLANG_ENABLE_OBJC_ARC = YES;
				CLANG_WARN_BOOL_CONVERSION = YES;
				CLANG_WARN_CONSTANT_CONVERSION = YES;
				CLANG_WARN_DIRECT_OBJC_ISA_USAGE = YES_ERROR;
				CLANG_WARN_EMPTY_BODY = YES;
				CLANG_WARN_ENUM_CONVERSION = YES;
				CLANG_WARN_INT_CONVERSION = YES;
				CLANG_WARN_OBJC_ROOT_CLASS = YES_ERROR;
				CLANG_WARN_UNREACHABLE_CODE = YES;
				CLANG_WARN__DUPLICATE_METHOD_MATCH = YES;
				"CODE_SIGN_IDENTITY[sdk=iphoneos*]" = "iPhone Developer";
				COPY_PHASE_STRIP = NO;
				DEBUG_INFORMATION_FORMAT = "dwarf-with-dsym";
				ENABLE_NS_ASSERTIONS = NO;
				ENABLE_STRICT_OBJC_MSGSEND = YES;
				GCC_C_LANGUAGE_STANDARD = gnu99;
				GCC_NO_COMMON_BLOCKS = YES;
				GCC_WARN_64_TO_32_BIT_CONVERSION = YES;
				GCC_WARN_ABOUT_RETURN_TYPE = YES_ERROR;
				GCC_WARN_UNDECLARED_SELECTOR = YES;
				GCC_WARN_UNINITIALIZED_AUTOS = YES_AGGRESSIVE;
				GCC_WARN_UNUSED_FUNCTION = YES;
				GCC_WARN_UNUSED_VARIABLE = YES;
				IPHONEOS_DEPLOYMENT_TARGET = 9.1;
				MTL_ENABLE_DEBUG_INFO = NO;
				SDKROOT = iphoneos;
				VALIDATE_PRODUCT = YES;
			};
			name = Release;
		};
		8F1E53671C042C6400C81F0B /* Debug */ = {
			isa = XCBuildConfiguration;
			buildSettings = {
				ASSETCATALOG_COMPILER_APPICON_NAME = AppIcon;
				INFOPLIST_FILE = HWNetworkRequest/Info.plist;
				LD_RUNPATH_SEARCH_PATHS = "$(inherited) @executable_path/Frameworks";
				PRODUCT_BUNDLE_IDENTIFIER = HuangWay.HWNetworkRequest;
				PRODUCT_NAME = "$(TARGET_NAME)";
			};
			name = Debug;
		};
		8F1E53681C042C6400C81F0B /* Release */ = {
			isa = XCBuildConfiguration;
			buildSettings = {
				ASSETCATALOG_COMPILER_APPICON_NAME = AppIcon;
				INFOPLIST_FILE = HWNetworkRequest/Info.plist;
				LD_RUNPATH_SEARCH_PATHS = "$(inherited) @executable_path/Frameworks";
				PRODUCT_BUNDLE_IDENTIFIER = HuangWay.HWNetworkRequest;
				PRODUCT_NAME = "$(TARGET_NAME)";
			};
			name = Release;
		};
		8F1E536A1C042C6400C81F0B /* Debug */ = {
			isa = XCBuildConfiguration;
			buildSettings = {
				BUNDLE_LOADER = "$(TEST_HOST)";
				INFOPLIST_FILE = HWNetworkRequestTests/Info.plist;
				LD_RUNPATH_SEARCH_PATHS = "$(inherited) @executable_path/Frameworks @loader_path/Frameworks";
				PRODUCT_BUNDLE_IDENTIFIER = HuangWay.HWNetworkRequestTests;
				PRODUCT_NAME = "$(TARGET_NAME)";
				TEST_HOST = "$(BUILT_PRODUCTS_DIR)/HWNetworkRequest.app/HWNetworkRequest";
			};
			name = Debug;
		};
		8F1E536B1C042C6400C81F0B /* Release */ = {
			isa = XCBuildConfiguration;
			buildSettings = {
				BUNDLE_LOADER = "$(TEST_HOST)";
				INFOPLIST_FILE = HWNetworkRequestTests/Info.plist;
				LD_RUNPATH_SEARCH_PATHS = "$(inherited) @executable_path/Frameworks @loader_path/Frameworks";
				PRODUCT_BUNDLE_IDENTIFIER = HuangWay.HWNetworkRequestTests;
				PRODUCT_NAME = "$(TARGET_NAME)";
				TEST_HOST = "$(BUILT_PRODUCTS_DIR)/HWNetworkRequest.app/HWNetworkRequest";
			};
			name = Release;
		};
		8F1E536D1C042C6400C81F0B /* Debug */ = {
			isa = XCBuildConfiguration;
			buildSettings = {
				INFOPLIST_FILE = HWNetworkRequestUITests/Info.plist;
				LD_RUNPATH_SEARCH_PATHS = "$(inherited) @executable_path/Frameworks @loader_path/Frameworks";
				PRODUCT_BUNDLE_IDENTIFIER = HuangWay.HWNetworkRequestUITests;
				PRODUCT_NAME = "$(TARGET_NAME)";
				TEST_TARGET_NAME = HWNetworkRequest;
				USES_XCTRUNNER = YES;
			};
			name = Debug;
		};
		8F1E536E1C042C6400C81F0B /* Release */ = {
			isa = XCBuildConfiguration;
			buildSettings = {
				INFOPLIST_FILE = HWNetworkRequestUITests/Info.plist;
				LD_RUNPATH_SEARCH_PATHS = "$(inherited) @executable_path/Frameworks @loader_path/Frameworks";
				PRODUCT_BUNDLE_IDENTIFIER = HuangWay.HWNetworkRequestUITests;
				PRODUCT_NAME = "$(TARGET_NAME)";
				TEST_TARGET_NAME = HWNetworkRequest;
				USES_XCTRUNNER = YES;
			};
			name = Release;
		};
/* End XCBuildConfiguration section */

/* Begin XCConfigurationList section */
		8F1E53341C042C6400C81F0B /* Build configuration list for PBXProject "HWNetworkRequest" */ = {
			isa = XCConfigurationList;
			buildConfigurations = (
				8F1E53641C042C6400C81F0B /* Debug */,
				8F1E53651C042C6400C81F0B /* Release */,
			);
			defaultConfigurationIsVisible = 0;
			defaultConfigurationName = Release;
		};
		8F1E53661C042C6400C81F0B /* Build configuration list for PBXNativeTarget "HWNetworkRequest" */ = {
			isa = XCConfigurationList;
			buildConfigurations = (
				8F1E53671C042C6400C81F0B /* Debug */,
				8F1E53681C042C6400C81F0B /* Release */,
			);
			defaultConfigurationIsVisible = 0;
			defaultConfigurationName = Release;
		};
		8F1E53691C042C6400C81F0B /* Build configuration list for PBXNativeTarget "HWNetworkRequestTests" */ = {
			isa = XCConfigurationList;
			buildConfigurations = (
				8F1E536A1C042C6400C81F0B /* Debug */,
				8F1E536B1C042C6400C81F0B /* Release */,
			);
			defaultConfigurationIsVisible = 0;
			defaultConfigurationName = Release;
		};
		8F1E536C1C042C6400C81F0B /* Build configuration list for PBXNativeTarget "HWNetworkRequestUITests" */ = {
			isa = XCConfigurationList;
			buildConfigurations = (
				8F1E536D1C042C6400C81F0B /* Debug */,
				8F1E536E1C042C6400C81F0B /* Release */,
			);
			defaultConfigurationIsVisible = 0;
			defaultConfigurationName = Release;
		};
/* End XCConfigurationList section */
	};
	rootObject = 8F1E53311C042C6400C81F0B /* Project object */;
}
